
Microsoft Visual Studio Solution File, Format Version 12.00
# Visual Studio Version 17
VisualStudioVersion = 17.8.34525.116
MinimumVisualStudioVersion = 10.0.40219.1
Project("{FAE04EC0-301F-11D3-BF4B-00C04F79EFBC}") = "BookSystem", "BookSystem.csproj", "{B56DC519-C947-4012-8D02-C6A939C4C01A}"
EndProject
Global
	GlobalSection(SolutionConfigurationPlatforms) = preSolution
		Debug|Any CPU = Debug|Any CPU
		Release|Any CPU = Release|Any CPU
	EndGlobalSection
	GlobalSection(ProjectConfigurationPlatforms) = postSolution
		{B56DC519-C947-4012-8D02-C6A939C4C01A}.Debug|Any CPU.ActiveCfg = Debug|Any CPU
		{B56DC519-C947-4012-8D02-C6A939C4C01A}.Debug|Any CPU.Build.0 = Debug|Any CPU
		{B56DC519-C947-4012-8D02-C6A939C4C01A}.Release|Any CPU.ActiveCfg = Release|Any CPU
		{B56DC519-C947-4012-8D02-C6A939C4C01A}.Release|Any CPU.Build.0 = Release|Any CPU
	EndGlobalSection
	GlobalSection(SolutionProperties) = preSolution
		HideSolutionNode = FALSE
	EndGlobalSection
	GlobalSection(ExtensibilityGlobals) = postSolution
		SolutionGuid = {2C3A6AC6-3042-4C73-BC6D-DB2CD6117773}
	EndGlobalSection
EndGlobal
